
Microsoft Visual Studio Solution File, Format Version 12.00
# Visual Studio 2013
VisualStudioVersion = 12.0.31101.0
MinimumVisualStudioVersion = 10.0.40219.1
Project("{2150E333-8FDC-42A3-9474-1A3956D46DE8}") = ".nuget", ".nuget", "{069BA386-45EA-47BD-9827-2CD110641AF1}"
	ProjectSection(SolutionItems) = preProject
		.nuget\NuGet.Config = .nuget\NuGet.Config
		.nuget\NuGet.exe = .nuget\NuGet.exe
		.nuget\NuGet.targets = .nuget\NuGet.targets
		.nuget\packages.config = .nuget\packages.config
	EndProjectSection
EndProject
Project("{FAE04EC0-301F-11D3-BF4B-00C04F79EFBC}") = "Restful.Query.Filter", "src\Restful.Query.Filter\Restful.Query.Filter.csproj", "{47127AA6-7673-4A86-85A6-0A7C40E7F5B9}"
EndProject
Project("{2150E333-8FDC-42A3-9474-1A3956D46DE8}") = "tests", "tests", "{8AD9CD35-090C-40F8-A08A-F2E5EEA4AE87}"
EndProject
Project("{FAE04EC0-301F-11D3-BF4B-00C04F79EFBC}") = "Restful.Query.Filter.Test", "test\Restful.Query.Filter.Test\Restful.Query.Filter.Test.csproj", "{294C1788-A392-4DAB-AAA2-022E9519CD92}"
EndProject
Project("{2150E333-8FDC-42A3-9474-1A3956D46DE8}") = "~", "~", "{9265E734-8697-48FD-BFA6-B7DE0CB0351A}"
	ProjectSection(SolutionItems) = preProject
		.gitignore = .gitignore
		.travis.yml = .travis.yml
		appveyor.yml = appveyor.yml
		gulpfile.js = gulpfile.js
		package.json = package.json
		README.md = README.md
		Restful.Query.Filter.nuspec = Restful.Query.Filter.nuspec
	EndProjectSection
EndProject
Project("{2150E333-8FDC-42A3-9474-1A3956D46DE8}") = "docs", "docs", "{9F46BA6A-73B5-4B54-944E-72D8470BC745}"
	ProjectSection(SolutionItems) = preProject
		docs\logo.png = docs\logo.png
	EndProjectSection
EndProject
Global
	GlobalSection(SolutionConfigurationPlatforms) = preSolution
		Debug|Any CPU = Debug|Any CPU
		Release|Any CPU = Release|Any CPU
	EndGlobalSection
	GlobalSection(ProjectConfigurationPlatforms) = postSolution
		{47127AA6-7673-4A86-85A6-0A7C40E7F5B9}.Debug|Any CPU.ActiveCfg = Debug|Any CPU
		{47127AA6-7673-4A86-85A6-0A7C40E7F5B9}.Debug|Any CPU.Build.0 = Debug|Any CPU
		{47127AA6-7673-4A86-85A6-0A7C40E7F5B9}.Release|Any CPU.ActiveCfg = Release|Any CPU
		{47127AA6-7673-4A86-85A6-0A7C40E7F5B9}.Release|Any CPU.Build.0 = Release|Any CPU
		{294C1788-A392-4DAB-AAA2-022E9519CD92}.Debug|Any CPU.ActiveCfg = Debug|Any CPU
		{294C1788-A392-4DAB-AAA2-022E9519CD92}.Debug|Any CPU.Build.0 = Debug|Any CPU
		{294C1788-A392-4DAB-AAA2-022E9519CD92}.Release|Any CPU.ActiveCfg = Release|Any CPU
		{294C1788-A392-4DAB-AAA2-022E9519CD92}.Release|Any CPU.Build.0 = Release|Any CPU
	EndGlobalSection
	GlobalSection(SolutionProperties) = preSolution
		HideSolutionNode = FALSE
	EndGlobalSection
	GlobalSection(NestedProjects) = preSolution
		{294C1788-A392-4DAB-AAA2-022E9519CD92} = {8AD9CD35-090C-40F8-A08A-F2E5EEA4AE87}
	EndGlobalSection
EndGlobal
